{
  "name": "jimi",
  "version": "0.0.1",
  "lockfileVersion": 1,
  "requires": true,
  "dependencies": {
    "@react-navigation/core": {
      "version": "3.2.1",
      "resolved": "https://registry.npmjs.org/@react-navigation/core/-/core-3.2.1.tgz",
      "integrity": "sha512-sCAXGzBRHkUg8vB6wVDhagPIDihyZC5dVfq+9lCuG7iSetROdOdKHk0KHKj4wxoUaQ3eR4Y71B+pZvO1RvLqNg==",
      "requires": {
        "hoist-non-react-statics": "2.5.5",
        "path-to-regexp": "1.8.0",
        "query-string": "6.9.0",
        "react-is": "16.12.0"
      }
    },
    "@react-navigation/native": {
      "version": "3.3.0",
      "resolved": "https://registry.npmjs.org/@react-navigation/native/-/native-3.3.0.tgz",
      "integrity": "sha512-w/+2B0qX441BpNkYb5QoPY8+Q4Q18adGTahVpc6o8Juj6odAxyIJ2RozXk7dCpN/w0dz4B+5ggqMKHVniE6K7w==",
      "requires": {
        "hoist-non-react-statics": "3.3.1",
        "react-native-safe-area-view": "0.13.2",
        "react-native-screens": "1.0.0-alpha.23"
      },
      "dependencies": {
        "hoist-non-react-statics": {
          "version": "3.3.1",
          "resolved": "https://registry.npmjs.org/hoist-non-react-statics/-/hoist-non-react-statics-3.3.1.tgz",
          "integrity": "sha512-wbg3bpgA/ZqWrZuMOeJi8+SKMhr7X9TesL/rXMjTzh0p0JUBo3II8DHboYbuIXWRlttrUFxwcu/5kygrCw8fJw==",
          "requires": {
            "react-is": "16.12.0"
          }
        }
      }
    },
    "asap": {
      "version": "2.0.6",
      "resolved": "https://registry.npmjs.org/asap/-/asap-2.0.6.tgz",
      "integrity": "sha1-5QNHYR1+aQlDIIu9r+vLwvuGbUY="
    },
    "base-64": {
      "version": "0.1.0",
      "resolved": "https://registry.npmjs.org/base-64/-/base-64-0.1.0.tgz",
      "integrity": "sha1-eAqZyE59YAJgNhURxId2E78k9rs="
    },
    "core-js": {
      "version": "1.2.7",
      "resolved": "https://registry.npmjs.org/core-js/-/core-js-1.2.7.tgz",
      "integrity": "sha1-ZSKUwUZR2yj6k70tX/KYOk8IxjY="
    },
    "create-react-class": {
      "version": "15.6.0",
      "resolved": "https://registry.npmjs.org/create-react-class/-/create-react-class-15.6.0.tgz",
      "integrity": "sha1-q0SEl8JlZuHilBPogyB9V8/nvtQ=",
      "requires": {
        "fbjs": "0.8.17",
        "loose-envify": "1.4.0",
        "object-assign": "4.1.1"
      }
    },
    "debounce": {
      "version": "1.2.0",
      "resolved": "https://registry.npmjs.org/debounce/-/debounce-1.2.0.tgz",
      "integrity": "sha512-mYtLl1xfZLi1m4RtQYlZgJUNQjl4ZxVnHzIR8nLLgi4q1YT8o/WM+MK/f8yfcc9s5Ir5zRaPZyZU6xs1Syoocg=="
    },
    "decode-uri-component": {
      "version": "0.2.0",
      "resolved": "https://registry.npmjs.org/decode-uri-component/-/decode-uri-component-0.2.0.tgz",
      "integrity": "sha1-6zkTMzRYd1y4TNGh+uBiEGu4dUU="
    },
    "encoding": {
      "version": "0.1.12",
      "resolved": "https://registry.npmjs.org/encoding/-/encoding-0.1.12.tgz",
      "integrity": "sha1-U4tm8+5izRq1HsMjgp0flIDHS+s=",
      "requires": {
        "iconv-lite": "0.4.24"
      }
    },
    "fbjs": {
      "version": "0.8.17",
      "resolved": "https://registry.npmjs.org/fbjs/-/fbjs-0.8.17.tgz",
      "integrity": "sha1-xNWY6taUkRJlPWWIsBpc3Nn5D90=",
      "requires": {
        "core-js": "1.2.7",
        "isomorphic-fetch": "2.2.1",
        "loose-envify": "1.4.0",
        "object-assign": "4.1.1",
        "promise": "7.3.1",
        "setimmediate": "1.0.5",
        "ua-parser-js": "0.7.20"
      }
    },
    "hoist-non-react-statics": {
      "version": "2.5.5",
      "resolved": "https://registry.npmjs.org/hoist-non-react-statics/-/hoist-non-react-statics-2.5.5.tgz",
      "integrity": "sha512-rqcy4pJo55FTTLWt+bU8ukscqHeE/e9KWvsOW2b/a3afxQZhwkQdT1rPPCJ0rYXdj4vNcasY8zHTH+jF/qStxw=="
    },
    "iconv-lite": {
      "version": "0.4.24",
      "resolved": "https://registry.npmjs.org/iconv-lite/-/iconv-lite-0.4.24.tgz",
      "integrity": "sha512-v3MXnZAcvnywkTUEZomIActle7RXXeedOR31wwl7VlyoXO4Qi9arvSenNQWne1TcRwhCL1HwLI21bEqdpj8/rA==",
      "requires": {
        "safer-buffer": "2.1.2"
      }
    },
    "immutable": {
      "version": "3.7.6",
      "resolved": "https://registry.npmjs.org/immutable/-/immutable-3.7.6.tgz",
      "integrity": "sha1-E7TTyxK++hVIKib+Gy665kAHHks="
    },
    "is-stream": {
      "version": "1.1.0",
      "resolved": "https://registry.npmjs.org/is-stream/-/is-stream-1.1.0.tgz",
      "integrity": "sha1-EtSj3U5o4Lec6428hBc66A2RykQ="
    },
    "isarray": {
      "version": "0.0.1",
      "resolved": "https://registry.npmjs.org/isarray/-/isarray-0.0.1.tgz",
      "integrity": "sha1-ihis/Kmo9Bd+Cav8YDiTmwXR7t8="
    },
    "isomorphic-fetch": {
      "version": "2.2.1",
      "resolved": "https://registry.npmjs.org/isomorphic-fetch/-/isomorphic-fetch-2.2.1.tgz",
      "integrity": "sha1-YRrhrPFPXoH3KVB0coGf6XM1WKk=",
      "requires": {
        "node-fetch": "1.7.3",
        "whatwg-fetch": "3.0.0"
      }
    },
    "js-tokens": {
      "version": "4.0.0",
      "resolved": "https://registry.npmjs.org/js-tokens/-/js-tokens-4.0.0.tgz",
      "integrity": "sha512-RdJUflcE3cUzKiMqQgsCu06FPu9UdIJO0beYbPhHN4k6apgJtifcoCtT9bcxOpYBtpD2kCM6Sbzg4CausW/PKQ=="
    },
    "keymirror": {
      "version": "0.1.1",
      "resolved": "https://registry.npmjs.org/keymirror/-/keymirror-0.1.1.tgz",
      "integrity": "sha1-kYiJ6hP40KQufFVyUO7nE63JXDU="
    },
    "loose-envify": {
      "version": "1.4.0",
      "resolved": "https://registry.npmjs.org/loose-envify/-/loose-envify-1.4.0.tgz",
      "integrity": "sha512-lyuxPGr/Wfhrlem2CL/UcnUc1zcqKAImBDzukY7Y5F/yQiNdko6+fRLevlw1HgMySw7f611UIY408EtxRSoK3Q==",
      "requires": {
        "js-tokens": "4.0.0"
      }
    },
    "node-fetch": {
      "version": "1.7.3",
      "resolved": "https://registry.npmjs.org/node-fetch/-/node-fetch-1.7.3.tgz",
      "integrity": "sha512-NhZ4CsKx7cYm2vSrBAr2PvFOe6sWDf0UYLRqA6svUYg7+/TSfVAu49jYC4BvQ4Sms9SZgdqGBgroqfDhJdTyKQ==",
      "requires": {
        "encoding": "0.1.12",
        "is-stream": "1.1.0"
      }
    },
    "object-assign": {
      "version": "4.1.1",
      "resolved": "https://registry.npmjs.org/object-assign/-/object-assign-4.1.1.tgz",
      "integrity": "sha1-IQmtx5ZYh8/AXLvUQsrIv7s2CGM="
    },
    "path-to-regexp": {
      "version": "1.8.0",
      "resolved": "https://registry.npmjs.org/path-to-regexp/-/path-to-regexp-1.8.0.tgz",
      "integrity": "sha512-n43JRhlUKUAlibEJhPeir1ncUID16QnEjNpwzNdO3Lm4ywrBpBZ5oLD0I6br9evr1Y9JTqwRtAh7JLoOzAQdVA==",
      "requires": {
        "isarray": "0.0.1"
      }
    },
    "promise": {
      "version": "7.3.1",
      "resolved": "https://registry.npmjs.org/promise/-/promise-7.3.1.tgz",
      "integrity": "sha512-nolQXZ/4L+bP/UGlkfaIujX9BKxGwmQ9OT4mOt5yvy8iK1h3wqTEJCijzGANTCCl9nWjY41juyAn2K3Q1hLLTg==",
      "requires": {
        "asap": "2.0.6"
      }
    },
    "prop-types": {
      "version": "15.7.2",
      "resolved": "https://registry.npmjs.org/prop-types/-/prop-types-15.7.2.tgz",
      "integrity": "sha512-8QQikdH7//R2vurIJSutZ1smHYTcLpRWEOlHnzcWHmBYrOGUysKwSsrC89BCiFj3CbrfJ/nXFdJepOVrY1GCHQ==",
      "requires": {
        "loose-envify": "1.4.0",
        "object-assign": "4.1.1",
        "react-is": "16.12.0"
      }
    },
    "query-string": {
      "version": "6.9.0",
      "resolved": "https://registry.npmjs.org/query-string/-/query-string-6.9.0.tgz",
      "integrity": "sha512-KG4bhCFYapExLsUHrFt+kQVEegF2agm4cpF/VNc6pZVthIfCc/GK8t8VyNIE3nyXG9DK3Tf2EGkxjR6/uRdYsA==",
      "requires": {
        "decode-uri-component": "0.2.0",
        "split-on-first": "1.1.0",
        "strict-uri-encode": "2.0.0"
      }
    },
    "react-is": {
      "version": "16.12.0",
      "resolved": "https://registry.npmjs.org/react-is/-/react-is-16.12.0.tgz",
      "integrity": "sha512-rPCkf/mWBtKc97aLL9/txD8DZdemK0vkA3JMLShjlJB3Pj3s+lpf1KaBzMfQrAmhMQB0n1cU/SUGgKKBCe837Q=="
    },
    "react-lifecycles-compat": {
      "version": "3.0.4",
      "resolved": "https://registry.npmjs.org/react-lifecycles-compat/-/react-lifecycles-compat-3.0.4.tgz",
      "integrity": "sha512-fBASbA6LnOU9dOU2eW7aQ8xmYBSXUIWr+UmF9b1efZBazGNO+rcXT/icdKnYm2pTwcRylVUYwW7H1PHfLekVzA=="
    },
    "react-native-baidu-map-jm": {
      "version": "1.3.3",
      "resolved": "https://registry.npmjs.org/react-native-baidu-map-jm/-/react-native-baidu-map-jm-1.3.3.tgz",
      "integrity": "sha512-A1vlOR9ydxoTG1LO4ellc0DI6b0NTyhf0qpG3HAA8/iqRzsI6qj75KhXmJZQsXYL8FK87Q2ldUIaGS1E/mygkQ=="
    },
    "react-native-fs": {
      "version": "2.13.3",
      "resolved": "https://registry.npmjs.org/react-native-fs/-/react-native-fs-2.13.3.tgz",
      "integrity": "sha512-B62LSSAEYQGItg7KVTzTVVCxezOYFBYp4DMVFbdoZUd1mZVFdqR2sy1HY1mye1VI/Lf3IbxSyZEQ0GmrrdwLjg==",
      "requires": {
        "base-64": "0.1.0",
        "utf8": "2.1.2"
      }
    },
    "react-native-legacy-components": {
      "version": "0.1.3",
      "resolved": "https://registry.npmjs.org/react-native-legacy-components/-/react-native-legacy-components-0.1.3.tgz",
      "integrity": "sha512-qiYtJl1xhLeWcHnh19L1MTUCKEOR7RPztuz/20XmI9/1Z4j1DeWHhUo4qZFzYpBPqBa6opFgV+u2Dp61bbRXtg==",
      "requires": {
        "create-react-class": "15.6.0",
        "fbjs": "0.8.17",
        "immutable": "3.7.6",
        "prop-types": "15.7.2",
        "react-timer-mixin": "0.13.4",
        "rebound": "0.0.13"
      }
    },
    "react-native-maps": {
      "version": "0.24.0",
      "resolved": "https://registry.npmjs.org/react-native-maps/-/react-native-maps-0.24.0.tgz",
      "integrity": "sha512-wfDdCMA09Xx8zHKD7+kzWfp7rQPCrYb2j4TWgCAjnFIhk9WZxqAKZSQF5olLBVF+Fhl7mTRoij8GTUOX3inoIg=="
    },
    "react-native-photoview-jm": {
      "version": "1.0.22",
      "resolved": "https://registry.npmjs.org/react-native-photoview-jm/-/react-native-photoview-jm-1.0.22.tgz",
      "integrity": "sha512-ltfV59H9DiJNUK7vRSKNIkTRLhP+j7rSKFfGcyI2mkSCWS1IpSZAR8wrujhj5GEvC601XiuwCC+foFBMjpyaJg=="
    },
    "react-native-safe-area-view": {
      "version": "0.13.2",
      "resolved": "https://registry.npmjs.org/react-native-safe-area-view/-/react-native-safe-area-view-0.13.2.tgz",
      "integrity": "sha512-UEeoHi7HXObKd111RKZa6a+aQdxLHlngfaoM3UBgeDDc+7BU7Vd54DSzFFWDL3lwFhieTSvLh6z89jHDypA9KQ==",
      "requires": {
        "hoist-non-react-statics": "2.5.5"
      }
    },
    "react-native-screens": {
      "version": "1.0.0-alpha.23",
      "resolved": "https://registry.npmjs.org/react-native-screens/-/react-native-screens-1.0.0-alpha.23.tgz",
      "integrity": "sha512-tOxHGQUN83MTmQB4ghoQkibqOdGiX4JQEmeyEv96MKWO/x8T2PJv84ECUos9hD3blPRQwVwSpAid1PPPhrVEaw==",
      "requires": {
        "debounce": "1.2.0"
      }
    },
    "react-native-shadow": {
      "version": "1.2.2",
      "resolved": "https://registry.npmjs.org/react-native-shadow/-/react-native-shadow-1.2.2.tgz",
      "integrity": "sha512-kwTmqRKmPEML9KbJi0uvvKd+67rOJQcr3IyNp9bg+qi/H+Wnwev/Mr8sUiUZlYEJ433ii2iNwpjc1ERMjHtMWw=="
    },
    "react-native-svg": {
      "version": "9.3.7",
      "resolved": "https://registry.npmjs.org/react-native-svg/-/react-native-svg-9.3.7.tgz",
      "integrity": "sha512-PmiMhcprv0o01ysgOYacu+iS7Lqk4kA9zE6xFcqV/dnKWPUxD1nb8CAt0FSXOR2QiesAzXVIBVGe5SSiHprTgw=="
    },
    "react-native-tab-view": {
      "version": "1.4.1",
      "resolved": "https://registry.npmjs.org/react-native-tab-view/-/react-native-tab-view-1.4.1.tgz",
      "integrity": "sha512-Bke8KkDcDhvB/z0AS7MnQKMD2p6Kwfc1rSKlMOvg9CC5CnClQ2QEnhPSbwegKDYhUkBI92iH/BYy7hNSm5kbUQ==",
      "requires": {
        "prop-types": "15.7.2"
      }
    },
    "react-native-video": {
      "version": "5.0.2",
      "resolved": "https://registry.npmjs.org/react-native-video/-/react-native-video-5.0.2.tgz",
      "integrity": "sha512-zbItbMH0uZYkK7xFKa41+950QjoTrIl60bY1vAP7gxTn20HGHvHZRw28h9A5npK5T0QuWMAkn8twaGzqcDkTug==",
      "requires": {
        "keymirror": "0.1.1",
        "prop-types": "15.7.2",
        "shaka-player": "2.5.6"
      }
    },
    "react-navigation": {
      "version": "3.6.1",
      "resolved": "https://registry.npmjs.org/react-navigation/-/react-navigation-3.6.1.tgz",
      "integrity": "sha512-8G/GcvBFMmqLGh9J2PpO/no13op2TOsUP8+6HIHVbccNwFGqM5AwvAczfpXYJpfEnjFTA6/VtRGcFX2bGk0zmQ==",
      "requires": {
        "@react-navigation/core": "3.2.1",
        "@react-navigation/native": "3.3.0",
        "react-navigation-drawer": "1.3.0",
        "react-navigation-stack": "1.2.0",
        "react-navigation-tabs": "1.0.2"
      }
    },
    "react-navigation-drawer": {
      "version": "1.3.0",
      "resolved": "https://registry.npmjs.org/react-navigation-drawer/-/react-navigation-drawer-1.3.0.tgz",
      "integrity": "sha512-IDOaMseBeH1PutxRXkqDZTboZ/1mXVd4991JetsE5VmYvedmeh6z1AtBaCJu2rwRdV4U9K2I0xMyjwI0Nijqjg==",
      "requires": {
        "react-native-tab-view": "1.4.1"
      }
    },
    "react-navigation-stack": {
      "version": "1.2.0",
      "resolved": "https://registry.npmjs.org/react-navigation-stack/-/react-navigation-stack-1.2.0.tgz",
      "integrity": "sha512-QVnFhCFZoY7wwYIHhmWDwd1JoUX8C858oX4FKwqmJetrkeQU7Oh32z0kBip+fs49v3pZfjPnNJwekeAidFsRlg=="
    },
    "react-navigation-tabs": {
      "version": "1.0.2",
      "resolved": "https://registry.npmjs.org/react-navigation-tabs/-/react-navigation-tabs-1.0.2.tgz",
      "integrity": "sha512-ffWPVdo+L0GLbQlLAzH7ITYqh9V9NdqT/juj8QtESH5/2yUqfvqTxQoSowvFIrtiIHHFH6tLoQy1sZZciTxmeg==",
      "requires": {
        "hoist-non-react-statics": "2.5.5",
        "prop-types": "15.7.2",
        "react-lifecycles-compat": "3.0.4",
        "react-native-tab-view": "1.4.1"
      }
    },
    "react-timer-mixin": {
      "version": "0.13.4",
      "resolved": "https://registry.npmjs.org/react-timer-mixin/-/react-timer-mixin-0.13.4.tgz",
      "integrity": "sha512-4+ow23tp/Tv7hBM5Az5/Be/eKKF7DIvJ09voz5LyHGQaqqz9WV8YMs31eFvcYQs7d451LSg7kDJV70XYN/Ug/Q=="
    },
    "rebound": {
      "version": "0.0.13",
      "resolved": "https://registry.npmjs.org/rebound/-/rebound-0.0.13.tgz",
      "integrity": "sha1-SiJSVMr32nVnl7GcWBe/enlB+sE="
    },
    "safer-buffer": {
      "version": "2.1.2",
      "resolved": "https://registry.npmjs.org/safer-buffer/-/safer-buffer-2.1.2.tgz",
      "integrity": "sha512-YZo3K82SD7Riyi0E1EQPojLz7kpepnSQI9IyPbHHg1XXXevb5dJI7tpyN2ADxGcQbHG7vcyRHk0cbwqcQriUtg=="
    },
    "setimmediate": {
      "version": "1.0.5",
      "resolved": "https://registry.npmjs.org/setimmediate/-/setimmediate-1.0.5.tgz",
      "integrity": "sha1-KQy7Iy4waULX1+qbg3Mqt4VvgoU="
    },
    "shaka-player": {
      "version": "2.5.6",
      "resolved": "https://registry.npmjs.org/shaka-player/-/shaka-player-2.5.6.tgz",
      "integrity": "sha512-z1BM/kpg5OVk57w5gXYBGk78Le04gfCHBOpT106Nz7h4VU7im7o8ZldUKxC9+FlSL4sPvdU8lY6OxL7L3hw5Fw=="
    },
    "split-on-first": {
      "version": "1.1.0",
      "resolved": "https://registry.npmjs.org/split-on-first/-/split-on-first-1.1.0.tgz",
      "integrity": "sha512-43ZssAJaMusuKWL8sKUBQXHWOpq8d6CfN/u1p4gUzfJkM05C8rxTmYrkIPTXapZpORA6LkkzcUulJ8FqA7Uudw=="
    },
    "strict-uri-encode": {
      "version": "2.0.0",
      "resolved": "https://registry.npmjs.org/strict-uri-encode/-/strict-uri-encode-2.0.0.tgz",
      "integrity": "sha1-ucczDHBChi9rFC3CdLvMWGbONUY="
    },
    "teaset": {
      "version": "0.7.1",
      "resolved": "https://registry.npmjs.org/teaset/-/teaset-0.7.1.tgz",
      "integrity": "sha512-DgR/Ah29A4sgAw2/lWUJSWneyHCxB04vmHqChCnGMfqe0RurexRl/EcKv4q8aOSDFspQsETdP/FWKvOfmvDI7A==",
      "requires": {
        "prop-types": "15.7.2",
        "react-native-legacy-components": "0.1.3"
      }
    },
    "ua-parser-js": {
      "version": "0.7.20",
      "resolved": "https://registry.npmjs.org/ua-parser-js/-/ua-parser-js-0.7.20.tgz",
      "integrity": "sha512-8OaIKfzL5cpx8eCMAhhvTlft8GYF8b2eQr6JkCyVdrgjcytyOmPCXrqXFcUnhonRpLlh5yxEZVohm6mzaowUOw=="
    },
    "utf8": {
      "version": "2.1.2",
      "resolved": "https://registry.npmjs.org/utf8/-/utf8-2.1.2.tgz",
      "integrity": "sha1-H6DZJw6b6FDZsFAn9jUZv0ZFfZY="
    },
    "whatwg-fetch": {
      "version": "3.0.0",
      "resolved": "https://registry.npmjs.org/whatwg-fetch/-/whatwg-fetch-3.0.0.tgz",
      "integrity": "sha512-9GSJUgz1D4MfyKU7KRqwOjXCXTqWdFNvEr7eUBYchQiVc744mqK/MzXPNR2WsPkmkOa4ywfg8C2n8h+13Bey1Q=="
    }
  }
}
